
Microsoft Visual Studio Solution File, Format Version 12.00
# Visual Studio Version 17
VisualStudioVersion = 17.3.32811.315
MinimumVisualStudioVersion = 10.0.40219.1
Project("{FAE04EC0-301F-11D3-BF4B-00C04F79EFBC}") = "ConsoleApp2", "ConsoleApp2\ConsoleApp2.csproj", "{E12D6773-1AD3-40E6-A8A4-D74DD9CA958B}"
EndProject
Global
	GlobalSection(SolutionConfigurationPlatforms) = preSolution
		Debug|Any CPU = Debug|Any CPU
		Release|Any CPU = Release|Any CPU
	EndGlobalSection
	GlobalSection(ProjectConfigurationPlatforms) = postSolution
		{E12D6773-1AD3-40E6-A8A4-D74DD9CA958B}.Debug|Any CPU.ActiveCfg = Debug|Any CPU
		{E12D6773-1AD3-40E6-A8A4-D74DD9CA958B}.Debug|Any CPU.Build.0 = Debug|Any CPU
		{E12D6773-1AD3-40E6-A8A4-D74DD9CA958B}.Release|Any CPU.ActiveCfg = Release|Any CPU
		{E12D6773-1AD3-40E6-A8A4-D74DD9CA958B}.Release|Any CPU.Build.0 = Release|Any CPU
	EndGlobalSection
	GlobalSection(SolutionProperties) = preSolution
		HideSolutionNode = FALSE
	EndGlobalSection
	GlobalSection(ExtensibilityGlobals) = postSolution
		SolutionGuid = {ED880D71-03F1-49D8-9D0B-3B51D58825A7}
	EndGlobalSection
EndGlobal
